// !$*UTF8*$!
{
	archiveVersion = 1;
	classes = {
	};
	objectVersion = 46;
	objects = {

/* Begin PBXBuildFile section */
		FF6C86D619BD868B00C0A949 /* AppDelegate.swift in Sources */ = {isa = PBXBuildFile; fileRef = FF6C86D519BD868B00C0A949 /* AppDelegate.swift */; };
		FF6C86D819BD868B00C0A949 /* ViewController.swift in Sources */ = {isa = PBXBuildFile; fileRef = FF6C86D719BD868B00C0A949 /* ViewController.swift */; };
		FF6C86DB19BD868B00C0A949 /* Main.storyboard in Resources */ = {isa = PBXBuildFile; fileRef = FF6C86D919BD868B00C0A949 /* Main.storyboard */; };
		FF6C86DD19BD868B00C0A949 /* Images.xcassets in Resources */ = {isa = PBXBuildFile; fileRef = FF6C86DC19BD868B00C0A949 /* Images.xcassets */; };
		FF6C86E919BD868B00C0A949 /* TipsyTests.swift in Sources */ = {isa = PBXBuildFile; fileRef = FF6C86E819BD868B00C0A949 /* TipsyTests.swift */; };
/* End PBXBuildFile section */

/* Begin PBXContainerItemProxy section */
		FF6C86E319BD868B00C0A949 /* PBXContainerItemProxy */ = {
			isa = PBXContainerItemProxy;
			containerPortal = FF6C86C819BD868B00C0A949 /* Project object */;
			proxyType = 1;
			remoteGlobalIDString = FF6C86CF19BD868B00C0A949;
			remoteInfo = Tipsy;
		};
/* End PBXContainerItemProxy section */

/* Begin PBXFileReference section */
		FF6C86D019BD868B00C0A949 /* Tipsy.app */ = {isa = PBXFileReference; explicitFileType = wrapper.application; includeInIndex = 0; path = Tipsy.app; sourceTree = BUILT_PRODUCTS_DIR; };
		FF6C86D419BD868B00C0A949 /* Info.plist */ = {isa = PBXFileReference; lastKnownFileType = text.plist.xml; path = Info.plist; sourceTree = "<group>"; };
		FF6C86D519BD868B00C0A949 /* AppDelegate.swift */ = {isa = PBXFileReference; lastKnownFileType = sourcecode.swift; path = AppDelegate.swift; sourceTree = "<group>"; };
		FF6C86D719BD868B00C0A949 /* ViewController.swift */ = {isa = PBXFileReference; lastKnownFileType = sourcecode.swift; path = ViewController.swift; sourceTree = "<group>"; };
		FF6C86DA19BD868B00C0A949 /* Base */ = {isa = PBXFileReference; lastKnownFileType = file.storyboard; name = Base; path = Base.lproj/Main.storyboard; sourceTree = "<group>"; };
		FF6C86DC19BD868B00C0A949 /* Images.xcassets */ = {isa = PBXFileReference; lastKnownFileType = folder.assetcatalog; path = Images.xcassets; sourceTree = "<group>"; };
		FF6C86E219BD868B00C0A949 /* TipsyTests.xctest */ = {isa = PBXFileReference; explicitFileType = wrapper.cfbundle; includeInIndex = 0; path = TipsyTests.xctest; sourceTree = BUILT_PRODUCTS_DIR; };
		FF6C86E719BD868B00C0A949 /* Info.plist */ = {isa = PBXFileReference; lastKnownFileType = text.plist.xml; path = Info.plist; sourceTree = "<group>"; };
		FF6C86E819BD868B00C0A949 /* TipsyTests.swift */ = {isa = PBXFileReference; lastKnownFileType = sourcecode.swift; path = TipsyTests.swift; sourceTree = "<group>"; };
/* End PBXFileReference section */

/* Begin PBXFrameworksBuildPhase section */
		FF6C86CD19BD868B00C0A949 /* Frameworks */ = {
			isa = PBXFrameworksBuildPhase;
			buildActionMask = 2147483647;
			files = (
			);
			runOnlyForDeploymentPostprocessing = 0;
		};
		FF6C86DF19BD868B00C0A949 /* Frameworks */ = {
			isa = PBXFrameworksBuildPhase;
			buildActionMask = 2147483647;
			files = (
			);
			runOnlyForDeploymentPostprocessing = 0;
		};
/* End PBXFrameworksBuildPhase section */

/* Begin PBXGroup section */
		FF6C86C719BD868B00C0A949 = {
			isa = PBXGroup;
			children = (
				FF6C86D219BD868B00C0A949 /* Tipsy */,
				FF6C86E519BD868B00C0A949 /* TipsyTests */,
				FF6C86D119BD868B00C0A949 /* Products */,
			);
			sourceTree = "<group>";
		};
		FF6C86D119BD868B00C0A949 /* Products */ = {
			isa = PBXGroup;
			children = (
				FF6C86D019BD868B00C0A949 /* Tipsy.app */,
				FF6C86E219BD868B00C0A949 /* TipsyTests.xctest */,
			);
			name = Products;
			sourceTree = "<group>";
		};
		FF6C86D219BD868B00C0A949 /* Tipsy */ = {
			isa = PBXGroup;
			children = (
				FF6C86D519BD868B00C0A949 /* AppDelegate.swift */,
				FF6C86D719BD868B00C0A949 /* ViewController.swift */,
				FF6C86D919BD868B00C0A949 /* Main.storyboard */,
				FF6C86DC19BD868B00C0A949 /* Images.xcassets */,
				FF6C86D319BD868B00C0A949 /* Supporting Files */,
			);
			path = Tipsy;
			sourceTree = "<group>";
		};
		FF6C86D319BD868B00C0A949 /* Supporting Files */ = {
			isa = PBXGroup;
			children = (
				FF6C86D419BD868B00C0A949 /* Info.plist */,
			);
			name = "Supporting Files";
			sourceTree = "<group>";
		};
		FF6C86E519BD868B00C0A949 /* TipsyTests */ = {
			isa = PBXGroup;
			children = (
				FF6C86E819BD868B00C0A949 /* TipsyTests.swift */,
				FF6C86E619BD868B00C0A949 /* Supporting Files */,
			);
			path = TipsyTests;
			sourceTree = "<group>";
		};
		FF6C86E619BD868B00C0A949 /* Supporting Files */ = {
			isa = PBXGroup;
			children = (
				FF6C86E719BD868B00C0A949 /* Info.plist */,
			);
			name = "Supporting Files";
			sourceTree = "<group>";
		};
/* End PBXGroup section */

/* Begin PBXNativeTarget section */
		FF6C86CF19BD868B00C0A949 /* Tipsy */ = {
			isa = PBXNativeTarget;
			buildConfigurationList = FF6C86EC19BD868B00C0A949 /* Build configuration list for PBXNativeTarget "Tipsy" */;
			buildPhases = (
				FF6C86CC19BD868B00C0A949 /* Sources */,
				FF6C86CD19BD868B00C0A949 /* Frameworks */,
				FF6C86CE19BD868B00C0A949 /* Resources */,
			);
			buildRules = (
			);
			dependencies = (
			);
			name = Tipsy;
			productName = Tipsy;
			productReference = FF6C86D019BD868B00C0A949 /* Tipsy.app */;
			productType = "com.apple.product-type.application";
		};
		FF6C86E119BD868B00C0A949 /* TipsyTests */ = {
			isa = PBXNativeTarget;
			buildConfigurationList = FF6C86EF19BD868B00C0A949 /* Build configuration list for PBXNativeTarget "TipsyTests" */;
			buildPhases = (
				FF6C86DE19BD868B00C0A949 /* Sources */,
				FF6C86DF19BD868B00C0A949 /* Frameworks */,
				FF6C86E019BD868B00C0A949 /* Resources */,
			);
			buildRules = (
			);
			dependencies = (
				FF6C86E419BD868B00C0A949 /* PBXTargetDependency */,
			);
			name = TipsyTests;
			productName = TipsyTests;
			productReference = FF6C86E219BD868B00C0A949 /* TipsyTests.xctest */;
			productType = "com.apple.product-type.bundle.unit-test";
		};
/* End PBXNativeTarget section */

/* Begin PBXProject section */
		FF6C86C819BD868B00C0A949 /* Project object */ = {
			isa = PBXProject;
			attributes = {
				LastUpgradeCheck = 0600;
				ORGANIZATIONNAME = "Loredana Crisan";
				TargetAttributes = {
					FF6C86CF19BD868B00C0A949 = {
						CreatedOnToolsVersion = 6.0;
					};
					FF6C86E119BD868B00C0A949 = {
						CreatedOnToolsVersion = 6.0;
						TestTargetID = FF6C86CF19BD868B00C0A949;
					};
				};
			};
			buildConfigurationList = FF6C86CB19BD868B00C0A949 /* Build configuration list for PBXProject "Tipsy" */;
			compatibilityVersion = "Xcode 3.2";
			developmentRegion = English;
			hasScannedForEncodings = 0;
			knownRegions = (
				en,
				Base,
			);
			mainGroup = FF6C86C719BD868B00C0A949;
			productRefGroup = FF6C86D119BD868B00C0A949 /* Products */;
			projectDirPath = "";
			projectRoot = "";
			targets = (
				FF6C86CF19BD868B00C0A949 /* Tipsy */,
				FF6C86E119BD868B00C0A949 /* TipsyTests */,
			);
		};
/* End PBXProject section */

/* Begin PBXResourcesBuildPhase section */
		FF6C86CE19BD868B00C0A949 /* Resources */ = {
			isa = PBXResourcesBuildPhase;
			buildActionMask = 2147483647;
			files = (
				FF6C86DB19BD868B00C0A949 /* Main.storyboard in Resources */,
				FF6C86DD19BD868B00C0A949 /* Images.xcassets in Resources */,
			);
			runOnlyForDeploymentPostprocessing = 0;
		};
		FF6C86E019BD868B00C0A949 /* Resources */ = {
			isa = PBXResourcesBuildPhase;
			buildActionMask = 2147483647;
			files = (
			);
			runOnlyForDeploymentPostprocessing = 0;
		};
/* End PBXResourcesBuildPhase section */

/* Begin PBXSourcesBuildPhase section */
		FF6C86CC19BD868B00C0A949 /* Sources */ = {
			isa = PBXSourcesBuildPhase;
			buildActionMask = 2147483647;
			files = (
				FF6C86D819BD868B00C0A949 /* ViewController.swift in Sources */,
				FF6C86D619BD868B00C0A949 /* AppDelegate.swift in Sources */,
			);
			runOnlyForDeploymentPostprocessing = 0;
		};
		FF6C86DE19BD868B00C0A949 /* Sources */ = {
			isa = PBXSourcesBuildPhase;
			buildActionMask = 2147483647;
			files = (
				FF6C86E919BD868B00C0A949 /* TipsyTests.swift in Sources */,
			);
			runOnlyForDeploymentPostprocessing = 0;
		};
/* End PBXSourcesBuildPhase section */

/* Begin PBXTargetDependency section */
		FF6C86E419BD868B00C0A949 /* PBXTargetDependency */ = {
			isa = PBXTargetDependency;
			target = FF6C86CF19BD868B00C0A949 /* Tipsy */;
			targetProxy = FF6C86E319BD868B00C0A949 /* PBXContainerItemProxy */;
		};
/* End PBXTargetDependency section */

/* Begin PBXVariantGroup section */
		FF6C86D919BD868B00C0A949 /* Main.storyboard */ = {
			isa = PBXVariantGroup;
			children = (
				FF6C86DA19BD868B00C0A949 /* Base */,
			);
			name = Main.storyboard;
			sourceTree = "<group>";
		};
/* End PBXVariantGroup section */

/* Begin XCBuildConfiguration section */
		FF6C86EA19BD868B00C0A949 /* Debug */ = {
			isa = XCBuildConfiguration;
			buildSettings = {
				ALWAYS_SEARCH_USER_PATHS = NO;
				CLANG_CXX_LANGUAGE_STANDARD = "gnu++0x";
				CLANG_CXX_LIBRARY = "libc++";
				CLANG_ENABLE_MODULES = YES;
				CLANG_ENABLE_OBJC_ARC = YES;
				CLANG_WARN_BOOL_CONVERSION = YES;
				CLANG_WARN_CONSTANT_CONVERSION = YES;
				CLANG_WARN_DIRECT_OBJC_ISA_USAGE = YES_ERROR;
				CLANG_WARN_EMPTY_BODY = YES;
				CLANG_WARN_ENUM_CONVERSION = YES;
				CLANG_WARN_INT_CONVERSION = YES;
				CLANG_WARN_OBJC_ROOT_CLASS = YES_ERROR;
				CLANG_WARN_UNREACHABLE_CODE = YES;
				CLANG_WARN__DUPLICATE_METHOD_MATCH = YES;
				"CODE_SIGN_IDENTITY[sdk=iphoneos*]" = "iPhone Developer";
				COPY_PHASE_STRIP = NO;
				ENABLE_STRICT_OBJC_MSGSEND = YES;
				GCC_C_LANGUAGE_STANDARD = gnu99;
				GCC_DYNAMIC_NO_PIC = NO;
				GCC_OPTIMIZATION_LEVEL = 0;
				GCC_PREPROCESSOR_DEFINITIONS = (
					"DEBUG=1",
					"$(inherited)",
				);
				GCC_SYMBOLS_PRIVATE_EXTERN = NO;
				GCC_WARN_64_TO_32_BIT_CONVERSION = YES;
				GCC_WARN_ABOUT_RETURN_TYPE = YES_ERROR;
				GCC_WARN_UNDECLARED_SELECTOR = YES;
				GCC_WARN_UNINITIALIZED_AUTOS = YES_AGGRESSIVE;
				GCC_WARN_UNUSED_FUNCTION = YES;
				GCC_WARN_UNUSED_VARIABLE = YES;
				IPHONEOS_DEPLOYMENT_TARGET = 8.0;
				MTL_ENABLE_DEBUG_INFO = YES;
				ONLY_ACTIVE_ARCH = YES;
				SDKROOT = iphoneos;
				SWIFT_OPTIMIZATION_LEVEL = "-Onone";
			};
			name = Debug;
		};
		FF6C86EB19BD868B00C0A949 /* Release */ = {
			isa = XCBuildConfiguration;
			buildSettings = {
				ALWAYS_SEARCH_USER_PATHS = NO;
				CLANG_CXX_LANGUAGE_STANDARD = "gnu++0x";
				CLANG_CXX_LIBRARY = "libc++";
				CLANG_ENABLE_MODULES = YES;
				CLANG_ENABLE_OBJC_ARC = YES;
				CLANG_WARN_BOOL_CONVERSION = YES;
				CLANG_WARN_CONSTANT_CONVERSION = YES;
				CLANG_WARN_DIRECT_OBJC_ISA_USAGE = YES_ERROR;
				CLANG_WARN_EMPTY_BODY = YES;
				CLANG_WARN_ENUM_CONVERSION = YES;
				CLANG_WARN_INT_CONVERSION = YES;
				CLANG_WARN_OBJC_ROOT_CLASS = YES_ERROR;
				CLANG_WARN_UNREACHABLE_CODE = YES;
				CLANG_WARN__DUPLICATE_METHOD_MATCH = YES;
				"CODE_SIGN_IDENTITY[sdk=iphoneos*]" = "iPhone Developer";
				COPY_PHASE_STRIP = YES;
				ENABLE_NS_ASSERTIONS = NO;
				ENABLE_STRICT_OBJC_MSGSEND = YES;
				GCC_C_LANGUAGE_STANDARD = gnu99;
				GCC_WARN_64_TO_32_BIT_CONVERSION = YES;
				GCC_WARN_ABOUT_RETURN_TYPE = YES_ERROR;
				GCC_WARN_UNDECLARED_SELECTOR = YES;
				GCC_WARN_UNINITIALIZED_AUTOS = YES_AGGRESSIVE;
				GCC_WARN_UNUSED_FUNCTION = YES;
				GCC_WARN_UNUSED_VARIABLE = YES;
				IPHONEOS_DEPLOYMENT_TARGET = 8.0;
				MTL_ENABLE_DEBUG_INFO = NO;
				SDKROOT = iphoneos;
				VALIDATE_PRODUCT = YES;
			};
			name = Release;
		};
		FF6C86ED19BD868B00C0A949 /* Debug */ = {
			isa = XCBuildConfiguration;
			buildSettings = {
				ASSETCATALOG_COMPILER_APPICON_NAME = AppIcon;
				ASSETCATALOG_COMPILER_LAUNCHIMAGE_NAME = LaunchImage;
				INFOPLIST_FILE = Tipsy/Info.plist;
				LD_RUNPATH_SEARCH_PATHS = "$(inherited) @executable_path/Frameworks";
				PRODUCT_NAME = "$(TARGET_NAME)";
			};
			name = Debug;
		};
		FF6C86EE19BD868B00C0A949 /* Release */ = {
			isa = XCBuildConfiguration;
			buildSettings = {
				ASSETCATALOG_COMPILER_APPICON_NAME = AppIcon;
				ASSETCATALOG_COMPILER_LAUNCHIMAGE_NAME = LaunchImage;
				INFOPLIST_FILE = Tipsy/Info.plist;
				LD_RUNPATH_SEARCH_PATHS = "$(inherited) @executable_path/Frameworks";
				PRODUCT_NAME = "$(TARGET_NAME)";
			};
			name = Release;
		};
		FF6C86F019BD868B00C0A949 /* Debug */ = {
			isa = XCBuildConfiguration;
			buildSettings = {
				BUNDLE_LOADER = "$(TEST_HOST)";
				FRAMEWORK_SEARCH_PATHS = (
					"$(SDKROOT)/Developer/Library/Frameworks",
					"$(inherited)",
				);
				GCC_PREPROCESSOR_DEFINITIONS = (
					"DEBUG=1",
					"$(inherited)",
				);
				INFOPLIST_FILE = TipsyTests/Info.plist;
				LD_RUNPATH_SEARCH_PATHS = "$(inherited) @executable_path/Frameworks @loader_path/Frameworks";
				PRODUCT_NAME = "$(TARGET_NAME)";
				TEST_HOST = "$(BUILT_PRODUCTS_DIR)/Tipsy.app/Tipsy";
			};
			name = Debug;
		};
		FF6C86F119BD868B00C0A949 /* Release */ = {
			isa = XCBuildConfiguration;
			buildSettings = {
				BUNDLE_LOADER = "$(TEST_HOST)";
				FRAMEWORK_SEARCH_PATHS = (
					"$(SDKROOT)/Developer/Library/Frameworks",
					"$(inherited)",
				);
				INFOPLIST_FILE = TipsyTests/Info.plist;
				LD_RUNPATH_SEARCH_PATHS = "$(inherited) @executable_path/Frameworks @loader_path/Frameworks";
				PRODUCT_NAME = "$(TARGET_NAME)";
				TEST_HOST = "$(BUILT_PRODUCTS_DIR)/Tipsy.app/Tipsy";
			};
			name = Release;
		};
/* End XCBuildConfiguration section */

/* Begin XCConfigurationList section */
		FF6C86CB19BD868B00C0A949 /* Build configuration list for PBXProject "Tipsy" */ = {
			isa = XCConfigurationList;
			buildConfigurations = (
				FF6C86EA19BD868B00C0A949 /* Debug */,
				FF6C86EB19BD868B00C0A949 /* Release */,
			);
			defaultConfigurationIsVisible = 0;
			defaultConfigurationName = Release;
		};
		FF6C86EC19BD868B00C0A949 /* Build configuration list for PBXNativeTarget "Tipsy" */ = {
			isa = XCConfigurationList;
			buildConfigurations = (
				FF6C86ED19BD868B00C0A949 /* Debug */,
				FF6C86EE19BD868B00C0A949 /* Release */,
			);
			defaultConfigurationIsVisible = 0;
		};
		FF6C86EF19BD868B00C0A949 /* Build configuration list for PBXNativeTarget "TipsyTests" */ = {
			isa = XCConfigurationList;
			buildConfigurations = (
				FF6C86F019BD868B00C0A949 /* Debug */,
				FF6C86F119BD868B00C0A949 /* Release */,
			);
			defaultConfigurationIsVisible = 0;
		};
/* End XCConfigurationList section */
	};
	rootObject = FF6C86C819BD868B00C0A949 /* Project object */;
}
